Microsoft Visual Studio Solution File, Format Version 11.00
# Visual Studio 2008

Project("{A409778D-788E-9976-3078-DF9A229DE1FF}") = "Cardboard PI20151", "Assembly-CSharp-firstpass.csproj", "{FE32638C-ECD8-50AF-1916-83A5BD54161B}"
EndProject
Project("{A409778D-788E-9976-3078-DF9A229DE1FF}") = "Cardboard PI20151", "Assembly-CSharp.csproj", "{225ED1AA-89E4-60C3-A400-F06F966B847F}"
EndProject
Project("{A409778D-788E-9976-3078-DF9A229DE1FF}") = "Cardboard PI20151", "Assembly-CSharp-Editor.csproj", "{85026BB7-AE5D-61D7-F7BC-315E1925C263}"
EndProject
Global
	GlobalSection(SolutionConfigurationPlatforms) = preSolution
		Debug|Any CPU = Debug|Any CPU
		Release|Any CPU = Release|Any CPU
	EndGlobalSection
	GlobalSection(ProjectConfigurationPlatforms) = postSolution
		{FE32638C-ECD8-50AF-1916-83A5BD54161B}.Debug|Any CPU.ActiveCfg = Debug|Any CPU
		{FE32638C-ECD8-50AF-1916-83A5BD54161B}.Debug|Any CPU.Build.0 = Debug|Any CPU
		{FE32638C-ECD8-50AF-1916-83A5BD54161B}.Release|Any CPU.ActiveCfg = Release|Any CPU
		{FE32638C-ECD8-50AF-1916-83A5BD54161B}.Release|Any CPU.Build.0 = Release|Any CPU
		{225ED1AA-89E4-60C3-A400-F06F966B847F}.Debug|Any CPU.ActiveCfg = Debug|Any CPU
		{225ED1AA-89E4-60C3-A400-F06F966B847F}.Debug|Any CPU.Build.0 = Debug|Any CPU
		{225ED1AA-89E4-60C3-A400-F06F966B847F}.Release|Any CPU.ActiveCfg = Release|Any CPU
		{225ED1AA-89E4-60C3-A400-F06F966B847F}.Release|Any CPU.Build.0 = Release|Any CPU
		{85026BB7-AE5D-61D7-F7BC-315E1925C263}.Debug|Any CPU.ActiveCfg = Debug|Any CPU
		{85026BB7-AE5D-61D7-F7BC-315E1925C263}.Debug|Any CPU.Build.0 = Debug|Any CPU
		{85026BB7-AE5D-61D7-F7BC-315E1925C263}.Release|Any CPU.ActiveCfg = Release|Any CPU
		{85026BB7-AE5D-61D7-F7BC-315E1925C263}.Release|Any CPU.Build.0 = Release|Any CPU
	EndGlobalSection
	GlobalSection(SolutionProperties) = preSolution
		HideSolutionNode = FALSE
	EndGlobalSection
																																											GlobalSection(MonoDevelopProperties) = preSolution
		StartupItem = Assembly-CSharp.csproj
		Policies = $0
		$0.TextStylePolicy = $1
		$1.inheritsSet = null
		$1.scope = text/x-csharp
		$0.CSharpFormattingPolicy = $2
		$2.inheritsSet = Mono
		$2.inheritsScope = text/x-csharp
		$2.scope = text/x-csharp
		$0.TextStylePolicy = $3
		$3.FileWidth = 120
		$3.TabWidth = 4
		$3.IndentWidth = 4
		$3.EolMarker = Unix
		$3.inheritsSet = Mono
		$3.inheritsScope = text/plain
		$3.scope = text/plain
	EndGlobalSection

EndGlobal
